
Microsoft Visual Studio Solution File, Format Version 12.00
# Visual Studio Version 17
VisualStudioVersion = 17.6.33815.320
MinimumVisualStudioVersion = 10.0.40219.1
Project("{FAE04EC0-301F-11D3-BF4B-00C04F79EFBC}") = "ConsumoPokemonApi", "ConsumoPokemonApi\ConsumoPokemonApi.csproj", "{0DEEDA2C-C368-46F5-BBF5-B0F0FD810A7D}"
EndProject
Global
	GlobalSection(SolutionConfigurationPlatforms) = preSolution
		Debug|Any CPU = Debug|Any CPU
		Release|Any CPU = Release|Any CPU
	EndGlobalSection
	GlobalSection(ProjectConfigurationPlatforms) = postSolution
		{0DEEDA2C-C368-46F5-BBF5-B0F0FD810A7D}.Debug|Any CPU.ActiveCfg = Debug|Any CPU
		{0DEEDA2C-C368-46F5-BBF5-B0F0FD810A7D}.Debug|Any CPU.Build.0 = Debug|Any CPU
		{0DEEDA2C-C368-46F5-BBF5-B0F0FD810A7D}.Release|Any CPU.ActiveCfg = Release|Any CPU
		{0DEEDA2C-C368-46F5-BBF5-B0F0FD810A7D}.Release|Any CPU.Build.0 = Release|Any CPU
	EndGlobalSection
	GlobalSection(SolutionProperties) = preSolution
		HideSolutionNode = FALSE
	EndGlobalSection
	GlobalSection(ExtensibilityGlobals) = postSolution
		SolutionGuid = {4462B700-5C03-4732-B183-30413E757900}
	EndGlobalSection
EndGlobal
